// !$*UTF8*$!
{
	archiveVersion = 1;
	classes = {
	};
	objectVersion = 46;
	objects = {

/* Begin PBXBuildFile section */
		093DB0141EFB156D0002A959 /* AppDelegate.swift in Sources */ = {isa = PBXBuildFile; fileRef = 093DB0131EFB156D0002A959 /* AppDelegate.swift */; };
		093DB0191EFB156D0002A959 /* Main.storyboard in Resources */ = {isa = PBXBuildFile; fileRef = 093DB0171EFB156D0002A959 /* Main.storyboard */; };
		093DB01B1EFB156D0002A959 /* Assets.xcassets in Resources */ = {isa = PBXBuildFile; fileRef = 093DB01A1EFB156D0002A959 /* Assets.xcassets */; };
		093DB01E1EFB156D0002A959 /* LaunchScreen.storyboard in Resources */ = {isa = PBXBuildFile; fileRef = 093DB01C1EFB156D0002A959 /* LaunchScreen.storyboard */; };
		093DB0291EFB156D0002A959 /* FlixDemoTests.swift in Sources */ = {isa = PBXBuildFile; fileRef = 093DB0281EFB156D0002A959 /* FlixDemoTests.swift */; };
		093DB0341EFB156D0002A959 /* FlixDemoUITests.swift in Sources */ = {isa = PBXBuildFile; fileRef = 093DB0331EFB156D0002A959 /* FlixDemoUITests.swift */; };
		093DB0421EFB23040002A959 /* NowPlayingViewController.swift in Sources */ = {isa = PBXBuildFile; fileRef = 093DB0411EFB23040002A959 /* NowPlayingViewController.swift */; };
		093DB0441EFB331A0002A959 /* MovieCell.swift in Sources */ = {isa = PBXBuildFile; fileRef = 093DB0431EFB331A0002A959 /* MovieCell.swift */; };
		87BA28A7ACFF94C19504F545 /* Pods_FlixDemo.framework in Frameworks */ = {isa = PBXBuildFile; fileRef = 1BB69EEC24D19E4BBFC6C5D6 /* Pods_FlixDemo.framework */; };
		98C670F47EA7EAF2F23A3132 /* Pods_FlixDemoTests.framework in Frameworks */ = {isa = PBXBuildFile; fileRef = 2C644CEB9C6CA60DDD1743BE /* Pods_FlixDemoTests.framework */; };
		AFAB21339EFAA0C0E1B3C214 /* Pods_FlixDemoUITests.framework in Frameworks */ = {isa = PBXBuildFile; fileRef = 3A2DB1E3B04F8A288C334933 /* Pods_FlixDemoUITests.framework */; };
/* End PBXBuildFile section */

/* Begin PBXContainerItemProxy section */
		093DB0251EFB156D0002A959 /* PBXContainerItemProxy */ = {
			isa = PBXContainerItemProxy;
			containerPortal = 093DB0081EFB156D0002A959 /* Project object */;
			proxyType = 1;
			remoteGlobalIDString = 093DB00F1EFB156D0002A959;
			remoteInfo = FlixDemo;
		};
		093DB0301EFB156D0002A959 /* PBXContainerItemProxy */ = {
			isa = PBXContainerItemProxy;
			containerPortal = 093DB0081EFB156D0002A959 /* Project object */;
			proxyType = 1;
			remoteGlobalIDString = 093DB00F1EFB156D0002A959;
			remoteInfo = FlixDemo;
		};
/* End PBXContainerItemProxy section */

/* Begin PBXFileReference section */
		093DB0101EFB156D0002A959 /* FlixDemo.app */ = {isa = PBXFileReference; explicitFileType = wrapper.application; includeInIndex = 0; path = FlixDemo.app; sourceTree = BUILT_PRODUCTS_DIR; };
		093DB0131EFB156D0002A959 /* AppDelegate.swift */ = {isa = PBXFileReference; lastKnownFileType = sourcecode.swift; path = AppDelegate.swift; sourceTree = "<group>"; };
		093DB0181EFB156D0002A959 /* Base */ = {isa = PBXFileReference; lastKnownFileType = file.storyboard; name = Base; path = Base.lproj/Main.storyboard; sourceTree = "<group>"; };
		093DB01A1EFB156D0002A959 /* Assets.xcassets */ = {isa = PBXFileReference; lastKnownFileType = folder.assetcatalog; path = Assets.xcassets; sourceTree = "<group>"; };
		093DB01D1EFB156D0002A959 /* Base */ = {isa = PBXFileReference; lastKnownFileType = file.storyboard; name = Base; path = Base.lproj/LaunchScreen.storyboard; sourceTree = "<group>"; };
		093DB01F1EFB156D0002A959 /* Info.plist */ = {isa = PBXFileReference; lastKnownFileType = text.plist.xml; path = Info.plist; sourceTree = "<group>"; };
		093DB0241EFB156D0002A959 /* FlixDemoTests.xctest */ = {isa = PBXFileReference; explicitFileType = wrapper.cfbundle; includeInIndex = 0; path = FlixDemoTests.xctest; sourceTree = BUILT_PRODUCTS_DIR; };
		093DB0281EFB156D0002A959 /* FlixDemoTests.swift */ = {isa = PBXFileReference; lastKnownFileType = sourcecode.swift; path = FlixDemoTests.swift; sourceTree = "<group>"; };
		093DB02A1EFB156D0002A959 /* Info.plist */ = {isa = PBXFileReference; lastKnownFileType = text.plist.xml; path = Info.plist; sourceTree = "<group>"; };
		093DB02F1EFB156D0002A959 /* FlixDemoUITests.xctest */ = {isa = PBXFileReference; explicitFileType = wrapper.cfbundle; includeInIndex = 0; path = FlixDemoUITests.xctest; sourceTree = BUILT_PRODUCTS_DIR; };
		093DB0331EFB156D0002A959 /* FlixDemoUITests.swift */ = {isa = PBXFileReference; lastKnownFileType = sourcecode.swift; path = FlixDemoUITests.swift; sourceTree = "<group>"; };
		093DB0351EFB156D0002A959 /* Info.plist */ = {isa = PBXFileReference; lastKnownFileType = text.plist.xml; path = Info.plist; sourceTree = "<group>"; };
		093DB0411EFB23040002A959 /* NowPlayingViewController.swift */ = {isa = PBXFileReference; fileEncoding = 4; lastKnownFileType = sourcecode.swift; path = NowPlayingViewController.swift; sourceTree = "<group>"; };
		093DB0431EFB331A0002A959 /* MovieCell.swift */ = {isa = PBXFileReference; fileEncoding = 4; lastKnownFileType = sourcecode.swift; path = MovieCell.swift; sourceTree = "<group>"; };
		1BB69EEC24D19E4BBFC6C5D6 /* Pods_FlixDemo.framework */ = {isa = PBXFileReference; explicitFileType = wrapper.framework; includeInIndex = 0; path = Pods_FlixDemo.framework; sourceTree = BUILT_PRODUCTS_DIR; };
		2414CF348861211A2E4D9171 /* Pods-FlixDemoUITests.release.xcconfig */ = {isa = PBXFileReference; includeInIndex = 1; lastKnownFileType = text.xcconfig; name = "Pods-FlixDemoUITests.release.xcconfig"; path = "Pods/Target Support Files/Pods-FlixDemoUITests/Pods-FlixDemoUITests.release.xcconfig"; sourceTree = "<group>"; };
		2BB60D14447569364F95424E /* Pods-FlixDemoUITests.debug.xcconfig */ = {isa = PBXFileReference; includeInIndex = 1; lastKnownFileType = text.xcconfig; name = "Pods-FlixDemoUITests.debug.xcconfig"; path = "Pods/Target Support Files/Pods-FlixDemoUITests/Pods-FlixDemoUITests.debug.xcconfig"; sourceTree = "<group>"; };
		2C644CEB9C6CA60DDD1743BE /* Pods_FlixDemoTests.framework */ = {isa = PBXFileReference; explicitFileType = wrapper.framework; includeInIndex = 0; path = Pods_FlixDemoTests.framework; sourceTree = BUILT_PRODUCTS_DIR; };
		3A2DB1E3B04F8A288C334933 /* Pods_FlixDemoUITests.framework */ = {isa = PBXFileReference; explicitFileType = wrapper.framework; includeInIndex = 0; path = Pods_FlixDemoUITests.framework; sourceTree = BUILT_PRODUCTS_DIR; };
		473EC5D140CBCE2145368A6E /* Pods-FlixDemoTests.debug.xcconfig */ = {isa = PBXFileReference; includeInIndex = 1; lastKnownFileType = text.xcconfig; name = "Pods-FlixDemoTests.debug.xcconfig"; path = "Pods/Target Support Files/Pods-FlixDemoTests/Pods-FlixDemoTests.debug.xcconfig"; sourceTree = "<group>"; };
		758904D3695D15204BDB2C3E /* Pods-FlixDemo.debug.xcconfig */ = {isa = PBXFileReference; includeInIndex = 1; lastKnownFileType = text.xcconfig; name = "Pods-FlixDemo.debug.xcconfig"; path = "Pods/Target Support Files/Pods-FlixDemo/Pods-FlixDemo.debug.xcconfig"; sourceTree = "<group>"; };
		F9AB551F13B277F3A9D5C6E3 /* Pods-FlixDemoTests.release.xcconfig */ = {isa = PBXFileReference; includeInIndex = 1; lastKnownFileType = text.xcconfig; name = "Pods-FlixDemoTests.release.xcconfig"; path = "Pods/Target Support Files/Pods-FlixDemoTests/Pods-FlixDemoTests.release.xcconfig"; sourceTree = "<group>"; };
		FE3AE941D73440F47DE03048 /* Pods-FlixDemo.release.xcconfig */ = {isa = PBXFileReference; includeInIndex = 1; lastKnownFileType = text.xcconfig; name = "Pods-FlixDemo.release.xcconfig"; path = "Pods/Target Support Files/Pods-FlixDemo/Pods-FlixDemo.release.xcconfig"; sourceTree = "<group>"; };
/* End PBXFileReference section */

/* Begin PBXFrameworksBuildPhase section */
		093DB00D1EFB156D0002A959 /* Frameworks */ = {
			isa = PBXFrameworksBuildPhase;
			buildActionMask = 2147483647;
			files = (
				87BA28A7ACFF94C19504F545 /* Pods_FlixDemo.framework in Frameworks */,
			);
			runOnlyForDeploymentPostprocessing = 0;
		};
		093DB0211EFB156D0002A959 /* Frameworks */ = {
			isa = PBXFrameworksBuildPhase;
			buildActionMask = 2147483647;
			files = (
				98C670F47EA7EAF2F23A3132 /* Pods_FlixDemoTests.framework in Frameworks */,
			);
			runOnlyForDeploymentPostprocessing = 0;
		};
		093DB02C1EFB156D0002A959 /* Frameworks */ = {
			isa = PBXFrameworksBuildPhase;
			buildActionMask = 2147483647;
			files = (
				AFAB21339EFAA0C0E1B3C214 /* Pods_FlixDemoUITests.framework in Frameworks */,
			);
			runOnlyForDeploymentPostprocessing = 0;
		};
/* End PBXFrameworksBuildPhase section */

/* Begin PBXGroup section */
		0510AFD7037DFF7ECB62B955 /* Frameworks */ = {
			isa = PBXGroup;
			children = (
				1BB69EEC24D19E4BBFC6C5D6 /* Pods_FlixDemo.framework */,
				2C644CEB9C6CA60DDD1743BE /* Pods_FlixDemoTests.framework */,
				3A2DB1E3B04F8A288C334933 /* Pods_FlixDemoUITests.framework */,
			);
			name = Frameworks;
			sourceTree = "<group>";
		};
		093DB0071EFB156D0002A959 = {
			isa = PBXGroup;
			children = (
				093DB0121EFB156D0002A959 /* FlixDemo */,
				093DB0271EFB156D0002A959 /* FlixDemoTests */,
				093DB0321EFB156D0002A959 /* FlixDemoUITests */,
				093DB0111EFB156D0002A959 /* Products */,
				A82765F6FCD84FB9F784FEC0 /* Pods */,
				0510AFD7037DFF7ECB62B955 /* Frameworks */,
			);
			sourceTree = "<group>";
		};
		093DB0111EFB156D0002A959 /* Products */ = {
			isa = PBXGroup;
			children = (
				093DB0101EFB156D0002A959 /* FlixDemo.app */,
				093DB0241EFB156D0002A959 /* FlixDemoTests.xctest */,
				093DB02F1EFB156D0002A959 /* FlixDemoUITests.xctest */,
			);
			name = Products;
			sourceTree = "<group>";
		};
		093DB0121EFB156D0002A959 /* FlixDemo */ = {
			isa = PBXGroup;
			children = (
				093DB0131EFB156D0002A959 /* AppDelegate.swift */,
				093DB0411EFB23040002A959 /* NowPlayingViewController.swift */,
				093DB0171EFB156D0002A959 /* Main.storyboard */,
				093DB01A1EFB156D0002A959 /* Assets.xcassets */,
				093DB01C1EFB156D0002A959 /* LaunchScreen.storyboard */,
				093DB01F1EFB156D0002A959 /* Info.plist */,
				093DB0431EFB331A0002A959 /* MovieCell.swift */,
			);
			path = FlixDemo;
			sourceTree = "<group>";
		};
		093DB0271EFB156D0002A959 /* FlixDemoTests */ = {
			isa = PBXGroup;
			children = (
				093DB0281EFB156D0002A959 /* FlixDemoTests.swift */,
				093DB02A1EFB156D0002A959 /* Info.plist */,
			);
			path = FlixDemoTests;
			sourceTree = "<group>";
		};
		093DB0321EFB156D0002A959 /* FlixDemoUITests */ = {
			isa = PBXGroup;
			children = (
				093DB0331EFB156D0002A959 /* FlixDemoUITests.swift */,
				093DB0351EFB156D0002A959 /* Info.plist */,
			);
			path = FlixDemoUITests;
			sourceTree = "<group>";
		};
		A82765F6FCD84FB9F784FEC0 /* Pods */ = {
			isa = PBXGroup;
			children = (
				758904D3695D15204BDB2C3E /* Pods-FlixDemo.debug.xcconfig */,
				FE3AE941D73440F47DE03048 /* Pods-FlixDemo.release.xcconfig */,
				473EC5D140CBCE2145368A6E /* Pods-FlixDemoTests.debug.xcconfig */,
				F9AB551F13B277F3A9D5C6E3 /* Pods-FlixDemoTests.release.xcconfig */,
				2BB60D14447569364F95424E /* Pods-FlixDemoUITests.debug.xcconfig */,
				2414CF348861211A2E4D9171 /* Pods-FlixDemoUITests.release.xcconfig */,
			);
			name = Pods;
			sourceTree = "<group>";
		};
/* End PBXGroup section */

/* Begin PBXNativeTarget section */
		093DB00F1EFB156D0002A959 /* FlixDemo */ = {
			isa = PBXNativeTarget;
			buildConfigurationList = 093DB0381EFB156D0002A959 /* Build configuration list for PBXNativeTarget "FlixDemo" */;
			buildPhases = (
				D05067AE8DA7784752D7FA20 /* [CP] Check Pods Manifest.lock */,
				093DB00C1EFB156D0002A959 /* Sources */,
				093DB00D1EFB156D0002A959 /* Frameworks */,
				093DB00E1EFB156D0002A959 /* Resources */,
				0AA7E814A2A3F15A79593FB7 /* [CP] Embed Pods Frameworks */,
				8F91DF060E803ADAEC966176 /* [CP] Copy Pods Resources */,
			);
			buildRules = (
			);
			dependencies = (
			);
			name = FlixDemo;
			productName = FlixDemo;
			productReference = 093DB0101EFB156D0002A959 /* FlixDemo.app */;
			productType = "com.apple.product-type.application";
		};
		093DB0231EFB156D0002A959 /* FlixDemoTests */ = {
			isa = PBXNativeTarget;
			buildConfigurationList = 093DB03B1EFB156D0002A959 /* Build configuration list for PBXNativeTarget "FlixDemoTests" */;
			buildPhases = (
				5D839B2ABE114CD1A514B07F /* [CP] Check Pods Manifest.lock */,
				093DB0201EFB156D0002A959 /* Sources */,
				093DB0211EFB156D0002A959 /* Frameworks */,
				093DB0221EFB156D0002A959 /* Resources */,
				7ED968D3A792D68131D39F2A /* [CP] Embed Pods Frameworks */,
				6199C358D7AFB2FEB550D0B9 /* [CP] Copy Pods Resources */,
			);
			buildRules = (
			);
			dependencies = (
				093DB0261EFB156D0002A959 /* PBXTargetDependency */,
			);
			name = FlixDemoTests;
			productName = FlixDemoTests;
			productReference = 093DB0241EFB156D0002A959 /* FlixDemoTests.xctest */;
			productType = "com.apple.product-type.bundle.unit-test";
		};
		093DB02E1EFB156D0002A959 /* FlixDemoUITests */ = {
			isa = PBXNativeTarget;
			buildConfigurationList = 093DB03E1EFB156D0002A959 /* Build configuration list for PBXNativeTarget "FlixDemoUITests" */;
			buildPhases = (
				CECB652EE7230E12B0576E96 /* [CP] Check Pods Manifest.lock */,
				093DB02B1EFB156D0002A959 /* Sources */,
				093DB02C1EFB156D0002A959 /* Frameworks */,
				093DB02D1EFB156D0002A959 /* Resources */,
				423CE7A06CB53A0D15AE988A /* [CP] Embed Pods Frameworks */,
				80CC192C3D2645290DDE4E96 /* [CP] Copy Pods Resources */,
			);
			buildRules = (
			);
			dependencies = (
				093DB0311EFB156D0002A959 /* PBXTargetDependency */,
			);
			name = FlixDemoUITests;
			productName = FlixDemoUITests;
			productReference = 093DB02F1EFB156D0002A959 /* FlixDemoUITests.xctest */;
			productType = "com.apple.product-type.bundle.ui-testing";
		};
/* End PBXNativeTarget section */

/* Begin PBXProject section */
		093DB0081EFB156D0002A959 /* Project object */ = {
			isa = PBXProject;
			attributes = {
				LastSwiftUpdateCheck = 0830;
				LastUpgradeCheck = 0830;
				ORGANIZATIONNAME = "Rhian Chavez";
				TargetAttributes = {
					093DB00F1EFB156D0002A959 = {
						CreatedOnToolsVersion = 8.3.2;
						DevelopmentTeam = S5MHKF47DJ;
						ProvisioningStyle = Automatic;
					};
					093DB0231EFB156D0002A959 = {
						CreatedOnToolsVersion = 8.3.2;
						DevelopmentTeam = S5MHKF47DJ;
						ProvisioningStyle = Automatic;
						TestTargetID = 093DB00F1EFB156D0002A959;
					};
					093DB02E1EFB156D0002A959 = {
						CreatedOnToolsVersion = 8.3.2;
						DevelopmentTeam = S5MHKF47DJ;
						ProvisioningStyle = Automatic;
						TestTargetID = 093DB00F1EFB156D0002A959;
					};
				};
			};
			buildConfigurationList = 093DB00B1EFB156D0002A959 /* Build configuration list for PBXProject "FlixDemo" */;
			compatibilityVersion = "Xcode 3.2";
			developmentRegion = English;
			hasScannedForEncodings = 0;
			knownRegions = (
				en,
				Base,
			);
			mainGroup = 093DB0071EFB156D0002A959;
			productRefGroup = 093DB0111EFB156D0002A959 /* Products */;
			projectDirPath = "";
			projectRoot = "";
			targets = (
				093DB00F1EFB156D0002A959 /* FlixDemo */,
				093DB0231EFB156D0002A959 /* FlixDemoTests */,
				093DB02E1EFB156D0002A959 /* FlixDemoUITests */,
			);
		};
/* End PBXProject section */

/* Begin PBXResourcesBuildPhase section */
		093DB00E1EFB156D0002A959 /* Resources */ = {
			isa = PBXResourcesBuildPhase;
			buildActionMask = 2147483647;
			files = (
				093DB01E1EFB156D0002A959 /* LaunchScreen.storyboard in Resources */,
				093DB01B1EFB156D0002A959 /* Assets.xcassets in Resources */,
				093DB0191EFB156D0002A959 /* Main.storyboard in Resources */,
			);
			runOnlyForDeploymentPostprocessing = 0;
		};
		093DB0221EFB156D0002A959 /* Resources */ = {
			isa = PBXResourcesBuildPhase;
			buildActionMask = 2147483647;
			files = (
			);
			runOnlyForDeploymentPostprocessing = 0;
		};
		093DB02D1EFB156D0002A959 /* Resources */ = {
			isa = PBXResourcesBuildPhase;
			buildActionMask = 2147483647;
			files = (
			);
			runOnlyForDeploymentPostprocessing = 0;
		};
/* End PBXResourcesBuildPhase section */

/* Begin PBXShellScriptBuildPhase section */
		0AA7E814A2A3F15A79593FB7 /* [CP] Embed Pods Frameworks */ = {
			isa = PBXShellScriptBuildPhase;
			buildActionMask = 2147483647;
			files = (
			);
			inputPaths = (
			);
			name = "[CP] Embed Pods Frameworks";
			outputPaths = (
			);
			runOnlyForDeploymentPostprocessing = 0;
			shellPath = /bin/sh;
			shellScript = "\"${SRCROOT}/Pods/Target Support Files/Pods-FlixDemo/Pods-FlixDemo-frameworks.sh\"\n";
			showEnvVarsInLog = 0;
		};
		423CE7A06CB53A0D15AE988A /* [CP] Embed Pods Frameworks */ = {
			isa = PBXShellScriptBuildPhase;
			buildActionMask = 2147483647;
			files = (
			);
			inputPaths = (
			);
			name = "[CP] Embed Pods Frameworks";
			outputPaths = (
			);
			runOnlyForDeploymentPostprocessing = 0;
			shellPath = /bin/sh;
			shellScript = "\"${SRCROOT}/Pods/Target Support Files/Pods-FlixDemoUITests/Pods-FlixDemoUITests-frameworks.sh\"\n";
			showEnvVarsInLog = 0;
		};
		5D839B2ABE114CD1A514B07F /* [CP] Check Pods Manifest.lock */ = {
			isa = PBXShellScriptBuildPhase;
			buildActionMask = 2147483647;
			files = (
			);
			inputPaths = (
			);
			name = "[CP] Check Pods Manifest.lock";
			outputPaths = (
			);
			runOnlyForDeploymentPostprocessing = 0;
			shellPath = /bin/sh;
			shellScript = "diff \"${PODS_PODFILE_DIR_PATH}/Podfile.lock\" \"${PODS_ROOT}/Manifest.lock\" > /dev/null\nif [ $? != 0 ] ; then\n    # print error to STDERR\n    echo \"error: The sandbox is not in sync with the Podfile.lock. Run 'pod install' or update your CocoaPods installation.\" >&2\n    exit 1\nfi\n";
			showEnvVarsInLog = 0;
		};
		6199C358D7AFB2FEB550D0B9 /* [CP] Copy Pods Resources */ = {
			isa = PBXShellScriptBuildPhase;
			buildActionMask = 2147483647;
			files = (
			);
			inputPaths = (
			);
			name = "[CP] Copy Pods Resources";
			outputPaths = (
			);
			runOnlyForDeploymentPostprocessing = 0;
			shellPath = /bin/sh;
			shellScript = "\"${SRCROOT}/Pods/Target Support Files/Pods-FlixDemoTests/Pods-FlixDemoTests-resources.sh\"\n";
			showEnvVarsInLog = 0;
		};
		7ED968D3A792D68131D39F2A /* [CP] Embed Pods Frameworks */ = {
			isa = PBXShellScriptBuildPhase;
			buildActionMask = 2147483647;
			files = (
			);
			inputPaths = (
			);
			name = "[CP] Embed Pods Frameworks";
			outputPaths = (
			);
			runOnlyForDeploymentPostprocessing = 0;
			shellPath = /bin/sh;
			shellScript = "\"${SRCROOT}/Pods/Target Support Files/Pods-FlixDemoTests/Pods-FlixDemoTests-frameworks.sh\"\n";
			showEnvVarsInLog = 0;
		};
		80CC192C3D2645290DDE4E96 /* [CP] Copy Pods Resources */ = {
			isa = PBXShellScriptBuildPhase;
			buildActionMask = 2147483647;
			files = (
			);
			inputPaths = (
			);
			name = "[CP] Copy Pods Resources";
			outputPaths = (
			);
			runOnlyForDeploymentPostprocessing = 0;
			shellPath = /bin/sh;
			shellScript = "\"${SRCROOT}/Pods/Target Support Files/Pods-FlixDemoUITests/Pods-FlixDemoUITests-resources.sh\"\n";
			showEnvVarsInLog = 0;
		};
		8F91DF060E803ADAEC966176 /* [CP] Copy Pods Resources */ = {
			isa = PBXShellScriptBuildPhase;
			buildActionMask = 2147483647;
			files = (
			);
			inputPaths = (
			);
			name = "[CP] Copy Pods Resources";
			outputPaths = (
			);
			runOnlyForDeploymentPostprocessing = 0;
			shellPath = /bin/sh;
			shellScript = "\"${SRCROOT}/Pods/Target Support Files/Pods-FlixDemo/Pods-FlixDemo-resources.sh\"\n";
			showEnvVarsInLog = 0;
		};
		CECB652EE7230E12B0576E96 /* [CP] Check Pods Manifest.lock */ = {
			isa = PBXShellScriptBuildPhase;
			buildActionMask = 2147483647;
			files = (
			);
			inputPaths = (
			);
			name = "[CP] Check Pods Manifest.lock";
			outputPaths = (
			);
			runOnlyForDeploymentPostprocessing = 0;
			shellPath = /bin/sh;
			shellScript = "diff \"${PODS_PODFILE_DIR_PATH}/Podfile.lock\" \"${PODS_ROOT}/Manifest.lock\" > /dev/null\nif [ $? != 0 ] ; then\n    # print error to STDERR\n    echo \"error: The sandbox is not in sync with the Podfile.lock. Run 'pod install' or update your CocoaPods installation.\" >&2\n    exit 1\nfi\n";
			showEnvVarsInLog = 0;
		};
		D05067AE8DA7784752D7FA20 /* [CP] Check Pods Manifest.lock */ = {
			isa = PBXShellScriptBuildPhase;
			buildActionMask = 2147483647;
			files = (
			);
			inputPaths = (
			);
			name = "[CP] Check Pods Manifest.lock";
			outputPaths = (
			);
			runOnlyForDeploymentPostprocessing = 0;
			shellPath = /bin/sh;
			shellScript = "diff \"${PODS_PODFILE_DIR_PATH}/Podfile.lock\" \"${PODS_ROOT}/Manifest.lock\" > /dev/null\nif [ $? != 0 ] ; then\n    # print error to STDERR\n    echo \"error: The sandbox is not in sync with the Podfile.lock. Run 'pod install' or update your CocoaPods installation.\" >&2\n    exit 1\nfi\n";
			showEnvVarsInLog = 0;
		};
/* End PBXShellScriptBuildPhase section */

/* Begin PBXSourcesBuildPhase section */
		093DB00C1EFB156D0002A959 /* Sources */ = {
			isa = PBXSourcesBuildPhase;
			buildActionMask = 2147483647;
			files = (
				093DB0421EFB23040002A959 /* NowPlayingViewController.swift in Sources */,
				093DB0141EFB156D0002A959 /* AppDelegate.swift in Sources */,
				093DB0441EFB331A0002A959 /* MovieCell.swift in Sources */,
			);
			runOnlyForDeploymentPostprocessing = 0;
		};
		093DB0201EFB156D0002A959 /* Sources */ = {
			isa = PBXSourcesBuildPhase;
			buildActionMask = 2147483647;
			files = (
				093DB0291EFB156D0002A959 /* FlixDemoTests.swift in Sources */,
			);
			runOnlyForDeploymentPostprocessing = 0;
		};
		093DB02B1EFB156D0002A959 /* Sources */ = {
			isa = PBXSourcesBuildPhase;
			buildActionMask = 2147483647;
			files = (
				093DB0341EFB156D0002A959 /* FlixDemoUITests.swift in Sources */,
			);
			runOnlyForDeploymentPostprocessing = 0;
		};
/* End PBXSourcesBuildPhase section */

/* Begin PBXTargetDependency section */
		093DB0261EFB156D0002A959 /* PBXTargetDependency */ = {
			isa = PBXTargetDependency;
			target = 093DB00F1EFB156D0002A959 /* FlixDemo */;
			targetProxy = 093DB0251EFB156D0002A959 /* PBXContainerItemProxy */;
		};
		093DB0311EFB156D0002A959 /* PBXTargetDependency */ = {
			isa = PBXTargetDependency;
			target = 093DB00F1EFB156D0002A959 /* FlixDemo */;
			targetProxy = 093DB0301EFB156D0002A959 /* PBXContainerItemProxy */;
		};
/* End PBXTargetDependency section */

/* Begin PBXVariantGroup section */
		093DB0171EFB156D0002A959 /* Main.storyboard */ = {
			isa = PBXVariantGroup;
			children = (
				093DB0181EFB156D0002A959 /* Base */,
			);
			name = Main.storyboard;
			sourceTree = "<group>";
		};
		093DB01C1EFB156D0002A959 /* LaunchScreen.storyboard */ = {
			isa = PBXVariantGroup;
			children = (
				093DB01D1EFB156D0002A959 /* Base */,
			);
			name = LaunchScreen.storyboard;
			sourceTree = "<group>";
		};
/* End PBXVariantGroup section */

/* Begin XCBuildConfiguration section */
		093DB0361EFB156D0002A959 /* Debug */ = {
			isa = XCBuildConfiguration;
			buildSettings = {
				ALWAYS_SEARCH_USER_PATHS = NO;
				CLANG_ANALYZER_NONNULL = YES;
				CLANG_ANALYZER_NUMBER_OBJECT_CONVERSION = YES_AGGRESSIVE;
				CLANG_CXX_LANGUAGE_STANDARD = "gnu++0x";
				CLANG_CXX_LIBRARY = "libc++";
				CLANG_ENABLE_MODULES = YES;
				CLANG_ENABLE_OBJC_ARC = YES;
				CLANG_WARN_BOOL_CONVERSION = YES;
				CLANG_WARN_CONSTANT_CONVERSION = YES;
				CLANG_WARN_DIRECT_OBJC_ISA_USAGE = YES_ERROR;
				CLANG_WARN_DOCUMENTATION_COMMENTS = YES;
				CLANG_WARN_EMPTY_BODY = YES;
				CLANG_WARN_ENUM_CONVERSION = YES;
				CLANG_WARN_INFINITE_RECURSION = YES;
				CLANG_WARN_INT_CONVERSION = YES;
				CLANG_WARN_OBJC_ROOT_CLASS = YES_ERROR;
				CLANG_WARN_SUSPICIOUS_MOVE = YES;
				CLANG_WARN_UNREACHABLE_CODE = YES;
				CLANG_WARN__DUPLICATE_METHOD_MATCH = YES;
				"CODE_SIGN_IDENTITY[sdk=iphoneos*]" = "iPhone Developer";
				COPY_PHASE_STRIP = NO;
				DEBUG_INFORMATION_FORMAT = dwarf;
				ENABLE_STRICT_OBJC_MSGSEND = YES;
				ENABLE_TESTABILITY = YES;
				GCC_C_LANGUAGE_STANDARD = gnu99;
				GCC_DYNAMIC_NO_PIC = NO;
				GCC_NO_COMMON_BLOCKS = YES;
				GCC_OPTIMIZATION_LEVEL = 0;
				GCC_PREPROCESSOR_DEFINITIONS = (
					"DEBUG=1",
					"$(inherited)",
				);
				GCC_WARN_64_TO_32_BIT_CONVERSION = YES;
				GCC_WARN_ABOUT_RETURN_TYPE = YES_ERROR;
				GCC_WARN_UNDECLARED_SELECTOR = YES;
				GCC_WARN_UNINITIALIZED_AUTOS = YES_AGGRESSIVE;
				GCC_WARN_UNUSED_FUNCTION = YES;
				GCC_WARN_UNUSED_VARIABLE = YES;
				IPHONEOS_DEPLOYMENT_TARGET = 10.3;
				MTL_ENABLE_DEBUG_INFO = YES;
				ONLY_ACTIVE_ARCH = YES;
				SDKROOT = iphoneos;
				SWIFT_ACTIVE_COMPILATION_CONDITIONS = DEBUG;
				SWIFT_OPTIMIZATION_LEVEL = "-Onone";
			};
			name = Debug;
		};
		093DB0371EFB156D0002A959 /* Release */ = {
			isa = XCBuildConfiguration;
			buildSettings = {
				ALWAYS_SEARCH_USER_PATHS = NO;
				CLANG_ANALYZER_NONNULL = YES;
				CLANG_ANALYZER_NUMBER_OBJECT_CONVERSION = YES_AGGRESSIVE;
				CLANG_CXX_LANGUAGE_STANDARD = "gnu++0x";
				CLANG_CXX_LIBRARY = "libc++";
				CLANG_ENABLE_MODULES = YES;
				CLANG_ENABLE_OBJC_ARC = YES;
				CLANG_WARN_BOOL_CONVERSION = YES;
				CLANG_WARN_CONSTANT_CONVERSION = YES;
				CLANG_WARN_DIRECT_OBJC_ISA_USAGE = YES_ERROR;
				CLANG_WARN_DOCUMENTATION_COMMENTS = YES;
				CLANG_WARN_EMPTY_BODY = YES;
				CLANG_WARN_ENUM_CONVERSION = YES;
				CLANG_WARN_INFINITE_RECURSION = YES;
				CLANG_WARN_INT_CONVERSION = YES;
				CLANG_WARN_OBJC_ROOT_CLASS = YES_ERROR;
				CLANG_WARN_SUSPICIOUS_MOVE = YES;
				CLANG_WARN_UNREACHABLE_CODE = YES;
				CLANG_WARN__DUPLICATE_METHOD_MATCH = YES;
				"CODE_SIGN_IDENTITY[sdk=iphoneos*]" = "iPhone Developer";
				COPY_PHASE_STRIP = NO;
				DEBUG_INFORMATION_FORMAT = "dwarf-with-dsym";
				ENABLE_NS_ASSERTIONS = NO;
				ENABLE_STRICT_OBJC_MSGSEND = YES;
				GCC_C_LANGUAGE_STANDARD = gnu99;
				GCC_NO_COMMON_BLOCKS = YES;
				GCC_WARN_64_TO_32_BIT_CONVERSION = YES;
				GCC_WARN_ABOUT_RETURN_TYPE = YES_ERROR;
				GCC_WARN_UNDECLARED_SELECTOR = YES;
				GCC_WARN_UNINITIALIZED_AUTOS = YES_AGGRESSIVE;
				GCC_WARN_UNUSED_FUNCTION = YES;
				GCC_WARN_UNUSED_VARIABLE = YES;
				IPHONEOS_DEPLOYMENT_TARGET = 10.3;
				MTL_ENABLE_DEBUG_INFO = NO;
				SDKROOT = iphoneos;
				SWIFT_OPTIMIZATION_LEVEL = "-Owholemodule";
				VALIDATE_PRODUCT = YES;
			};
			name = Release;
		};
		093DB0391EFB156D0002A959 /* Debug */ = {
			isa = XCBuildConfiguration;
			baseConfigurationReference = 758904D3695D15204BDB2C3E /* Pods-FlixDemo.debug.xcconfig */;
			buildSettings = {
				ASSETCATALOG_COMPILER_APPICON_NAME = AppIcon;
				DEVELOPMENT_TEAM = S5MHKF47DJ;
				INFOPLIST_FILE = FlixDemo/Info.plist;
				LD_RUNPATH_SEARCH_PATHS = "$(inherited) @executable_path/Frameworks";
				PRODUCT_BUNDLE_IDENTIFIER = com.rhian.FlixDemo;
				PRODUCT_NAME = "$(TARGET_NAME)";
				SWIFT_VERSION = 3.0;
			};
			name = Debug;
		};
		093DB03A1EFB156D0002A959 /* Release */ = {
			isa = XCBuildConfiguration;
			baseConfigurationReference = FE3AE941D73440F47DE03048 /* Pods-FlixDemo.release.xcconfig */;
			buildSettings = {
				ASSETCATALOG_COMPILER_APPICON_NAME = AppIcon;
				DEVELOPMENT_TEAM = S5MHKF47DJ;
				INFOPLIST_FILE = FlixDemo/Info.plist;
				LD_RUNPATH_SEARCH_PATHS = "$(inherited) @executable_path/Frameworks";
				PRODUCT_BUNDLE_IDENTIFIER = com.rhian.FlixDemo;
				PRODUCT_NAME = "$(TARGET_NAME)";
				SWIFT_VERSION = 3.0;
			};
			name = Release;
		};
		093DB03C1EFB156D0002A959 /* Debug */ = {
			isa = XCBuildConfiguration;
			baseConfigurationReference = 473EC5D140CBCE2145368A6E /* Pods-FlixDemoTests.debug.xcconfig */;
			buildSettings = {
				ALWAYS_EMBED_SWIFT_STANDARD_LIBRARIES = YES;
				BUNDLE_LOADER = "$(TEST_HOST)";
				DEVELOPMENT_TEAM = S5MHKF47DJ;
				INFOPLIST_FILE = FlixDemoTests/Info.plist;
				LD_RUNPATH_SEARCH_PATHS = "$(inherited) @executable_path/Frameworks @loader_path/Frameworks";
				PRODUCT_BUNDLE_IDENTIFIER = com.rhian.FlixDemoTests;
				PRODUCT_NAME = "$(TARGET_NAME)";
				SWIFT_VERSION = 3.0;
				TEST_HOST = "$(BUILT_PRODUCTS_DIR)/FlixDemo.app/FlixDemo";
			};
			name = Debug;
		};
		093DB03D1EFB156D0002A959 /* Release */ = {
			isa = XCBuildConfiguration;
			baseConfigurationReference = F9AB551F13B277F3A9D5C6E3 /* Pods-FlixDemoTests.release.xcconfig */;
			buildSettings = {
				ALWAYS_EMBED_SWIFT_STANDARD_LIBRARIES = YES;
				BUNDLE_LOADER = "$(TEST_HOST)";
				DEVELOPMENT_TEAM = S5MHKF47DJ;
				INFOPLIST_FILE = FlixDemoTests/Info.plist;
				LD_RUNPATH_SEARCH_PATHS = "$(inherited) @executable_path/Frameworks @loader_path/Frameworks";
				PRODUCT_BUNDLE_IDENTIFIER = com.rhian.FlixDemoTests;
				PRODUCT_NAME = "$(TARGET_NAME)";
				SWIFT_VERSION = 3.0;
				TEST_HOST = "$(BUILT_PRODUCTS_DIR)/FlixDemo.app/FlixDemo";
			};
			name = Release;
		};
		093DB03F1EFB156D0002A959 /* Debug */ = {
			isa = XCBuildConfiguration;
			baseConfigurationReference = 2BB60D14447569364F95424E /* Pods-FlixDemoUITests.debug.xcconfig */;
			buildSettings = {
				ALWAYS_EMBED_SWIFT_STANDARD_LIBRARIES = YES;
				DEVELOPMENT_TEAM = S5MHKF47DJ;
				INFOPLIST_FILE = FlixDemoUITests/Info.plist;
				LD_RUNPATH_SEARCH_PATHS = "$(inherited) @executable_path/Frameworks @loader_path/Frameworks";
				PRODUCT_BUNDLE_IDENTIFIER = com.rhian.FlixDemoUITests;
				PRODUCT_NAME = "$(TARGET_NAME)";
				SWIFT_VERSION = 3.0;
				TEST_TARGET_NAME = FlixDemo;
			};
			name = Debug;
		};
		093DB0401EFB156D0002A959 /* Release */ = {
			isa = XCBuildConfiguration;
			baseConfigurationReference = 2414CF348861211A2E4D9171 /* Pods-FlixDemoUITests.release.xcconfig */;
			buildSettings = {
				ALWAYS_EMBED_SWIFT_STANDARD_LIBRARIES = YES;
				DEVELOPMENT_TEAM = S5MHKF47DJ;
				INFOPLIST_FILE = FlixDemoUITests/Info.plist;
				LD_RUNPATH_SEARCH_PATHS = "$(inherited) @executable_path/Frameworks @loader_path/Frameworks";
				PRODUCT_BUNDLE_IDENTIFIER = com.rhian.FlixDemoUITests;
				PRODUCT_NAME = "$(TARGET_NAME)";
				SWIFT_VERSION = 3.0;
				TEST_TARGET_NAME = FlixDemo;
			};
			name = Release;
		};
/* End XCBuildConfiguration section */

/* Begin XCConfigurationList section */
		093DB00B1EFB156D0002A959 /* Build configuration list for PBXProject "FlixDemo" */ = {
			isa = XCConfigurationList;
			buildConfigurations = (
				093DB0361EFB156D0002A959 /* Debug */,
				093DB0371EFB156D0002A959 /* Release */,
			);
			defaultConfigurationIsVisible = 0;
			defaultConfigurationName = Release;
		};
		093DB0381EFB156D0002A959 /* Build configuration list for PBXNativeTarget "FlixDemo" */ = {
			isa = XCConfigurationList;
			buildConfigurations = (
				093DB0391EFB156D0002A959 /* Debug */,
				093DB03A1EFB156D0002A959 /* Release */,
			);
			defaultConfigurationIsVisible = 0;
		};
		093DB03B1EFB156D0002A959 /* Build configuration list for PBXNativeTarget "FlixDemoTests" */ = {
			isa = XCConfigurationList;
			buildConfigurations = (
				093DB03C1EFB156D0002A959 /* Debug */,
				093DB03D1EFB156D0002A959 /* Release */,
			);
			defaultConfigurationIsVisible = 0;
		};
		093DB03E1EFB156D0002A959 /* Build configuration list for PBXNativeTarget "FlixDemoUITests" */ = {
			isa = XCConfigurationList;
			buildConfigurations = (
				093DB03F1EFB156D0002A959 /* Debug */,
				093DB0401EFB156D0002A959 /* Release */,
			);
			defaultConfigurationIsVisible = 0;
		};
/* End XCConfigurationList section */
	};
	rootObject = 093DB0081EFB156D0002A959 /* Project object */;
}
